
Microsoft Visual Studio Solution File, Format Version 12.00
# Visual Studio Version 16
VisualStudioVersion = 16.0.31025.194
MinimumVisualStudioVersion = 10.0.40219.1
Project("{FAE04EC0-301F-11D3-BF4B-00C04F79EFBC}") = "EmployeeManagement.Models", "EmployeeManagement.Models\EmployeeManagement.Models.csproj", "{A9457467-B5CD-42E4-A41F-B12EB9B6883A}"
EndProject
Project("{FAE04EC0-301F-11D3-BF4B-00C04F79EFBC}") = "EmployeeManagement.Web", "EmployeeManagement.Web\EmployeeManagement.Web.csproj", "{8D0BDD08-F2EF-4B6A-8643-1A748018D291}"
EndProject
Global
	GlobalSection(SolutionConfigurationPlatforms) = preSolution
		Debug|Any CPU = Debug|Any CPU
		Release|Any CPU = Release|Any CPU
	EndGlobalSection
	GlobalSection(ProjectConfigurationPlatforms) = postSolution
		{A9457467-B5CD-42E4-A41F-B12EB9B6883A}.Debug|Any CPU.ActiveCfg = Debug|Any CPU
		{A9457467-B5CD-42E4-A41F-B12EB9B6883A}.Debug|Any CPU.Build.0 = Debug|Any CPU
		{A9457467-B5CD-42E4-A41F-B12EB9B6883A}.Release|Any CPU.ActiveCfg = Release|Any CPU
		{A9457467-B5CD-42E4-A41F-B12EB9B6883A}.Release|Any CPU.Build.0 = Release|Any CPU
		{8D0BDD08-F2EF-4B6A-8643-1A748018D291}.Debug|Any CPU.ActiveCfg = Debug|Any CPU
		{8D0BDD08-F2EF-4B6A-8643-1A748018D291}.Debug|Any CPU.Build.0 = Debug|Any CPU
		{8D0BDD08-F2EF-4B6A-8643-1A748018D291}.Release|Any CPU.ActiveCfg = Release|Any CPU
		{8D0BDD08-F2EF-4B6A-8643-1A748018D291}.Release|Any CPU.Build.0 = Release|Any CPU
	EndGlobalSection
	GlobalSection(SolutionProperties) = preSolution
		HideSolutionNode = FALSE
	EndGlobalSection
	GlobalSection(ExtensibilityGlobals) = postSolution
		SolutionGuid = {CCCD06C7-2DDF-4AA1-A3A7-92499548750E}
	EndGlobalSection
EndGlobal
